
Microsoft Visual Studio Solution File, Format Version 12.00
# Visual Studio 14
VisualStudioVersion = 14.0.25123.0
MinimumVisualStudioVersion = 10.0.40219.1
Project("{FAE04EC0-301F-11D3-BF4B-00C04F79EFBC}") = "MagicApp", "MagicApp\MagicApp.csproj", "{26C2AB36-7E59-49EA-A8E1-5E2267EC3159}"
EndProject
Project("{FAE04EC0-301F-11D3-BF4B-00C04F79EFBC}") = "MagicFontEnd", "MagicFontEnd\MagicFontEnd.csproj", "{45B41097-325F-45B9-8978-70D379DE99E1}"
EndProject
Global
	GlobalSection(SolutionConfigurationPlatforms) = preSolution
		Debug|Any CPU = Debug|Any CPU
		Release|Any CPU = Release|Any CPU
	EndGlobalSection
	GlobalSection(ProjectConfigurationPlatforms) = postSolution
		{26C2AB36-7E59-49EA-A8E1-5E2267EC3159}.Debug|Any CPU.ActiveCfg = Debug|Any CPU
		{26C2AB36-7E59-49EA-A8E1-5E2267EC3159}.Debug|Any CPU.Build.0 = Debug|Any CPU
		{26C2AB36-7E59-49EA-A8E1-5E2267EC3159}.Release|Any CPU.ActiveCfg = Release|Any CPU
		{26C2AB36-7E59-49EA-A8E1-5E2267EC3159}.Release|Any CPU.Build.0 = Release|Any CPU
		{45B41097-325F-45B9-8978-70D379DE99E1}.Debug|Any CPU.ActiveCfg = Debug|Any CPU
		{45B41097-325F-45B9-8978-70D379DE99E1}.Debug|Any CPU.Build.0 = Debug|Any CPU
		{45B41097-325F-45B9-8978-70D379DE99E1}.Release|Any CPU.ActiveCfg = Release|Any CPU
		{45B41097-325F-45B9-8978-70D379DE99E1}.Release|Any CPU.Build.0 = Release|Any CPU
	EndGlobalSection
	GlobalSection(SolutionProperties) = preSolution
		HideSolutionNode = FALSE
	EndGlobalSection
EndGlobal
